PODS:
  - Disk (0.4.0)
  - DZNEmptyDataSet (1.8.1)

DEPENDENCIES:
  - Disk (~> 0.4.0)
  - DZNEmptyDataSet

SPEC REPOS:
  https://github.com/cocoapods/specs.git:
    - Disk
    - DZNEmptyDataSet

SPEC CHECKSUMS:
  Disk: ef2956657d5bb56034b38b29b352170165226440
  DZNEmptyDataSet: 9525833b9e68ac21c30253e1d3d7076cc828eaa7

PODFILE CHECKSUM: 22971501676644c40c6ec5a5c28b41458ea3ff9f

COCOAPODS: 1.5.3
